
Microsoft Visual Studio Solution File, Format Version 12.00
# Visual Studio Version 16
VisualStudioVersion = 16.0.30804.86
MinimumVisualStudioVersion = 10.0.40219.1
Project("{FAE04EC0-301F-11D3-BF4B-00C04F79EFBC}") = "SunnyBuy", "SunnyBuy\SunnyBuy.csproj", "{351DDBF2-519C-4605-BFA9-510334AB2A37}"
EndProject
Global
	GlobalSection(SolutionConfigurationPlatforms) = preSolution
		Debug|Any CPU = Debug|Any CPU
		Release|Any CPU = Release|Any CPU
	EndGlobalSection
	GlobalSection(ProjectConfigurationPlatforms) = postSolution
		{351DDBF2-519C-4605-BFA9-510334AB2A37}.Debug|Any CPU.ActiveCfg = Debug|Any CPU
		{351DDBF2-519C-4605-BFA9-510334AB2A37}.Debug|Any CPU.Build.0 = Debug|Any CPU
		{351DDBF2-519C-4605-BFA9-510334AB2A37}.Release|Any CPU.ActiveCfg = Release|Any CPU
		{351DDBF2-519C-4605-BFA9-510334AB2A37}.Release|Any CPU.Build.0 = Release|Any CPU
	EndGlobalSection
	GlobalSection(SolutionProperties) = preSolution
		HideSolutionNode = FALSE
	EndGlobalSection
	GlobalSection(ExtensibilityGlobals) = postSolution
		SolutionGuid = {F8030119-0091-47A3-929F-B9EBFDE55219}
	EndGlobalSection
EndGlobal
